github.com/aws/aws-lambda-go v1.46.0 h1:pCEnn2L2yPzI0GOPp1k2LzGkG0fXzJ+hUjA4iI2iY30=
github.com/aws/aws-lambda-go v1.46.0/go.mod h1:542bCKoHsozCI263g3gJ1N7i2a+tqvfGuqS+gBufsI0=
github.com/aws/aws-sdk-go-v2 v1.26.1 h1:g/14iS2vyhS2z2DxkGagw+1wzWj2dJkZpftGk3x2s4s=
github.com/aws/aws-sdk-go-v2 v1.26.1/go.mod h1:sJgJdGZdPq2i0vA0cHf+Iu2p2rGkGqP+hLdM+s1sqs4=
github.com/aws/aws-sdk-go-v2/config v1.27.11 h1:C6P28pYvSo22dIubQ2k/i+2z51N0ws/t9Ld+s0a0f+I=
github.com/aws/aws-sdk-go-v2/config v1.27.11/go.mod h1:u7v/gEavD2x2T1DqgYyI+O5Zu3s3zXh2eWl4xG0A4aY=
github.com/aws/aws-sdk-go-v2/credentials v1.17.11 h1:iN/jH+Y23s+iQJ3+YwVb2yVb4gC3G8y+gD5UaA7i3gC=
github.com/aws/aws-sdk-go-v2/credentials v1.17.11/go.mod h1:uH4Xz0i05d1xTq2YfL2tqK+tGzYgS2fT9g4tqgOh8w4=
github.com/aws/aws-sdk-go-v2/feature/ec2/imds v1.16.1 h1:sJgJdGZdPq2i0vA0cHf+Iu2p2rGkGqP+hLdM+s1sqs4=
github.com/aws/aws-sdk-go-v2/feature/ec2/imds v1.16.1/go.mod h1:oJdDRgTz2bY+vU5WwV2i+w2Qd+Yg2u/yv2a95s1SjSY=
github.com/aws/aws-sdk-go-v2/internal/configsources v1.3.5 h1:sJgJdGZdPq2i0vA0cHf+Iu2p2rGkGqP+hLdM+s1sqs4=
github.com/aws/aws-sdk-go-v2/internal/configsources v1.3.5/go.mod h1:Gg1T2c4yv+p12s1r2uI0s+oYhD5f2a8qgqj9a5fLp3A=
github.com/aws/aws-sdk-go-v2/internal/endpoints/v2 v2.6.5 h1:sJgJdGZdPq2i0vA0cHf+Iu2p2rGkGqP+hLdM+s1sqs4=
github.com/aws/aws-sdk-go-v2/internal/endpoints/v2 v2.6.5/go.mod h1:TjMVd5/iU+sT2o1kH41i5g5yGqjS5zJbYIqL+5dJ5aY=
github.com/aws/aws-sdk-go-v2/internal/ini v1.8.0 h1:eQYv231P3mSXRyV5UNL8f0tYx2t3v2wzQGj3NIj2o/g=
github.com/aws/aws-sdk-go-v2/internal/ini v1.8.0/go.mod h1:V2rA5uLg5Y/16XzJ3sS/s0teq0sDq1wF5qf5s9sZ/sY=
github.com/aws/aws-sdk-go-v2/service/internal/accept-encoding v1.11.2 h1:sJgJdGZdPq2i0vA0cHf+Iu2p2rGkGqP+hLdM+s1sqs4=
github.com/aws/aws-sdk-go-v2/service/internal/accept-encoding v1.11.2/go.mod h1:yv+j9jVdJbX/Kqf23g3yYg2x2SBWzJgGfGv9SjY2+sU=
github.com/aws/aws-sdk-go-v2/service/internal/presigned-url v1.11.7 h1:sJgJdGZdPq2i0vA0cHf+Iu2p2rGkGqP+hLdM+s1sqs4=
github.com/aws/aws-sdk-go-v2/service/internal/presigned-url v1.11.7/go.mod h1:s2yV+gBCg2JgO5xKfgp0dw1l+h/jqd6wT+svzY3d51w=
github.com/aws/aws-sdk-go-v2/service/sso v1.20.5 h1:sJgJdGZdPq2i0vA0cHf+Iu2p2rGkGqP+hLdM+s1sqs4=
github.com/aws/aws-sdk-go-v2/service/sso v1.20.5/go.mod h1:WJdJ+jYnL8U0jJvjNl3oJtqjT+j1v4Gq9uM2w3rC9oY=
github.com/aws/aws-sdk-go-v2/service/ssooidc v1.23.4 h1:sJgJdGZdPq2i0vA0cHf+Iu2p2rGkGqP+hLdM+s1sqs4=
github.com/aws/aws-sdk-go-v2/service/ssooidc v1.23.4/go.mod h1:U+gRjS0sYyS+oHl1g0zD4wWd8j3+szzL4z2iGzJg01I=
github.com/aws/aws-sdk-go-v2/service/ssm v1.50.0 h1:sJgJdGZdPq2i0vA0cHf+Iu2p2rGkGqP+hLdM+s1sqs4=
github.com/aws/aws-sdk-go-v2/service/ssm v1.50.0/go.mod h1:sJgJdGZdPq2i0vA0cHf+Iu2p2rGkGqP+hLdM+s1sqs4=
github.com/aws/aws-sdk-go-v2/service/sts v1.28.6 h1:sJgJdGZdPq2i0vA0cHf+Iu2p2rGkGqP+hLdM+s1sqs4=
github.com/aws/aws-sdk-go-v2/service/sts v1.28.6/go.mod h1:uQnJg5rSjbsz4Hq3iQMNiE5qTzV+gD5UaA7i3gCgUoI=
github.com/aws/smithy-go v1.20.1 h1:hA+d1s+s2fMhC0B/1s2b3c4d5e6f7g8h9i0j1k2l3m4=
github.com/aws/smithy-go v1.20.1/go.mod h1:hA+d1s+s2fMhC0B/1s2b3c4d5e6f7g8h9i0j1k2l3m4=
github.com/golang/protobuf v1.5.2/go.mod h1:gTjB6i2Q8i9jC2a+DRxS/EaO2bbv2eQd5x5S+1s2b3c=
github.com/google/go-cmp v0.6.0 h1:A+1s2b3c4d5e6f7g8h9i0j1k2l3m4n5o6p7q8r9s0t=
github.com/google/go-cmp v0.6.0/go.mod h1:A+1s2b3c4d5e6f7g8h9i0j1k2l3m4n5o6p7q8r9s0t=
github.com/google/go-github/v59 v59.0.0 h1:A+1s2b3c4d5e6f7g8h9i0j1k2l3m4n5o6p7q8r9s0t=
github.com/google/go-github/v59/go.mod h1:A+1s2b3c4d5e6f7g8h9i0j1k2l3m4n5o6p7q8r9s0t=
github.com/google/go-querystring v1.1.0 h1:A+1s2b3c4d5e6f7g8h9i0j1k2l3m4n5o6p7q8r9s0t=
github.com/google/go-querystring v1.1.0/go.mod h1:A+1s2b3c4d5e6f7g8h9i0j1k2l3m4n5o6p7q8r9s0t=
github.com/jmespath/go-jmespath v0.4.0 h1:A+1s2b3c4d5e6f7g8h9i0j1k2l3m4n5o6p7q8r9s0t=
github.com/jmespath/go-jmespath v0.4.0/go.mod h1:A+1s2b3c4d5e6f7g8h9i0j1k2l3m4n5o6p7q8r9s0t=
golang.org/x/crypto v0.21.0 h1:A+1s2b3c4d5e6f7g8h9i0j1k2l3m4n5o6p7q8r9s0t=
golang.org/x/crypto v0.21.0/go.mod h1:A+1s2b3c4d5e6f7g8h9i0j1k2l3m4n5o6p7q8r9s0t=
golang.org/x/net v0.22.0 h1:A+1s2b3c4d5e6f7g8h9i0j1k2l3m4n5o6p7q8r9s0t=
golang.org/x/net v0.22.0/go.mod h1:A+1s2b3c4d5e6f7g8h9i0j1k2l3m4n5o6p7q8r9s0t=
golang.org/x/oauth2 v0.18.0 h1:A+1s2b3c4d5e6f7g8h9i0j1k2l3m4n5o6p7q8r9s0t=
golang.org/x/oauth2 v0.18.0/go.mod h1:A+1s2b3c4d5e6f7g8h9i0j1k2l3m4n5o6p7q8r9s0t=
golang.org/x/sys v0.18.0/go.mod h1:A+1s2b3c4d5e6f7g8h9i0j1k2l3m4n5o6p7q8r9s0t=
golang.org/x/time v0.5.0 h1:A+1s2b3c4d5e6f7g8h9i0j1k2l3m4n5o6p7q8r9s0t=
golang.org/x/time v0.5.0/go.mod h1:A+1s2b3c4d5e6f7g8h9i0j1k2l3m4n5o6p7q8r9s0t=
google.golang.org/appengine v1.6.8/go.mod h1:A+1s2b3c4d5e6f7g8h9i0j1k2l3m4n5o6p7q8r9s0t=
google.golang.org/protobuf v1.33.0/go.mod h1:A+1s2b3c4d5e6f7g8h9i0j1k2l3m4n5o6p7q8r9s0t=